# THIS IS AN AUTOGENERATED FILE. DO NOT EDIT THIS FILE DIRECTLY
# generate-deploy.lock

version: 2.1.0-alpha.6
commit_hash: !<tag:yaml.org,2002:js/undefined> ''
tree:
  name: deploy
  children:
    - name: .gitignore
      size: 8
      extension: ''
      type: file
      hash: 8dd98ed4e7c19988e7e6bb157d779af60ee70761
      relative: ./.gitignore
    - name: deploy.sh
      size: 2104
      extension: .sh
      type: file
      hash: 840a4c686e69a124faeb5345d16dcdc88e6dae8c
      relative: ./deploy.sh
    - name: internal-launchrock-test-test-api-deployment.yaml
      size: 676
      extension: .yaml
      type: file
      hash: 5b0d16be9cf744c7f877cb38a05d6e47c547c698
      relative: ./internal-launchrock-test-test-api-deployment.yaml
    - name: internal-launchrock-test-test-prod
      children:
        - name: internal-launchrock-test-test-api-service.yaml
          size: 722
          extension: .yaml
          type: file
          hash: 8bfb72f68a456665f9e7ff486b285d65cb88f1bd
          relative: >-
            ./internal-launchrock-test-test-prod/internal-launchrock-test-test-api-service.yaml
      size: 722
      type: directory
    - name: internal-launchrock-test-test-staging
      children:
        - name: internal-launchrock-test-test-api-service.yaml
          size: 725
          extension: .yaml
          type: file
          hash: 2da26fd450635b1ff9597f5402368b9206f37b09
          relative: >-
            ./internal-launchrock-test-test-staging/internal-launchrock-test-test-api-service.yaml
      size: 725
      type: directory
    - name: terraform
      children:
        - name: base.tf
          size: 253
          extension: .tf
          type: file
          hash: 3efd0102a5c4cfb8461360363c311aef5c6beee1
          relative: ./terraform/base.tf
        - name: ecr.tf
          size: 118
          extension: .tf
          type: file
          hash: 19ec89d679a37492d60175517e41402777435433
          relative: ./terraform/ecr.tf
      size: 371
      type: directory
  size: 4606
  type: directory
